
Microsoft Visual Studio Solution File, Format Version 12.00
# Visual Studio Version 16
VisualStudioVersion = 16.0.30804.86
MinimumVisualStudioVersion = 10.0.40219.1
Project("{9A19103F-16F7-4668-BE54-9A1E7A4F7556}") = "AspNetCoreHero.EntityFrameworkCore.AuditTrail", "AspNetCoreHero.EntityFrameworkCore.AuditTrail\AspNetCoreHero.EntityFrameworkCore.AuditTrail.csproj", "{3776E98F-4256-4379-A4BF-AE3D7E03E3B5}"
EndProject
Global
	GlobalSection(SolutionConfigurationPlatforms) = preSolution
		Debug|Any CPU = Debug|Any CPU
		Release|Any CPU = Release|Any CPU
	EndGlobalSection
	GlobalSection(ProjectConfigurationPlatforms) = postSolution
		{3776E98F-4256-4379-A4BF-AE3D7E03E3B5}.Debug|Any CPU.ActiveCfg = Debug|Any CPU
		{3776E98F-4256-4379-A4BF-AE3D7E03E3B5}.Debug|Any CPU.Build.0 = Debug|Any CPU
		{3776E98F-4256-4379-A4BF-AE3D7E03E3B5}.Release|Any CPU.ActiveCfg = Release|Any CPU
		{3776E98F-4256-4379-A4BF-AE3D7E03E3B5}.Release|Any CPU.Build.0 = Release|Any CPU
	EndGlobalSection
	GlobalSection(SolutionProperties) = preSolution
		HideSolutionNode = FALSE
	EndGlobalSection
	GlobalSection(ExtensibilityGlobals) = postSolution
		SolutionGuid = {3F655C82-2E46-413F-9946-A80F75CD59EC}
	EndGlobalSection
EndGlobal
